
Microsoft Visual Studio Solution File, Format Version 12.00
# Visual Studio Version 16
VisualStudioVersion = 16.0.32407.337
MinimumVisualStudioVersion = 10.0.40219.1
Project("{FAE04EC0-301F-11D3-BF4B-00C04F79EFBC}") = "BladeAndSourceryModloader", "BladeAndSourceryModloader\BladeAndSourceryModloader.csproj", "{2CB63D17-9A2D-42F5-99A6-391E90DB7DFC}"
EndProject
Project("{54435603-DBB4-11D2-8724-00A0C9A8B90C}") = "Installer", "Installer\Installer.vdproj", "{D404546D-1360-422F-84C4-D189A4F21469}"
EndProject
Global
	GlobalSection(SolutionConfigurationPlatforms) = preSolution
		Debug|Any CPU = Debug|Any CPU
		Release|Any CPU = Release|Any CPU
	EndGlobalSection
	GlobalSection(ProjectConfigurationPlatforms) = postSolution
		{2CB63D17-9A2D-42F5-99A6-391E90DB7DFC}.Debug|Any CPU.ActiveCfg = Debug|Any CPU
		{2CB63D17-9A2D-42F5-99A6-391E90DB7DFC}.Debug|Any CPU.Build.0 = Debug|Any CPU
		{2CB63D17-9A2D-42F5-99A6-391E90DB7DFC}.Release|Any CPU.ActiveCfg = Release|Any CPU
		{2CB63D17-9A2D-42F5-99A6-391E90DB7DFC}.Release|Any CPU.Build.0 = Release|Any CPU
		{D404546D-1360-422F-84C4-D189A4F21469}.Debug|Any CPU.ActiveCfg = Debug
		{D404546D-1360-422F-84C4-D189A4F21469}.Release|Any CPU.ActiveCfg = Release
	EndGlobalSection
	GlobalSection(SolutionProperties) = preSolution
		HideSolutionNode = FALSE
	EndGlobalSection
	GlobalSection(ExtensibilityGlobals) = postSolution
		SolutionGuid = {753A921F-757D-42D2-B7B9-688E6E634B2E}
	EndGlobalSection
EndGlobal
